// !$*UTF8*$!
{
	archiveVersion = 1;
	classes = {
	};
	objectVersion = 51;
	objects = {

/* Begin PBXBuildFile section */
		6A04474B25199ABC009E14D2 /* ImageTableViewCell.swift in Sources */ = {isa = PBXBuildFile; fileRef = 6A04474A25199ABC009E14D2 /* ImageTableViewCell.swift */; };
		6A04474D25199AD1009E14D2 /* ShareTableViewCell.swift in Sources */ = {isa = PBXBuildFile; fileRef = 6A04474C25199AD1009E14D2 /* ShareTableViewCell.swift */; };
		6A04474F25199AE1009E14D2 /* DaysTableViewCell.swift in Sources */ = {isa = PBXBuildFile; fileRef = 6A04474E25199AE1009E14D2 /* DaysTableViewCell.swift */; };
		6A04475125199E0D009E14D2 /* RentPresenter.swift in Sources */ = {isa = PBXBuildFile; fileRef = 6A04475025199E0D009E14D2 /* RentPresenter.swift */; };
		6A32AC66241D98DF009BF0C8 /* AppDelegate.swift in Sources */ = {isa = PBXBuildFile; fileRef = 6A32AC65241D98DF009BF0C8 /* AppDelegate.swift */; };
		6A32AC68241D98DF009BF0C8 /* SceneDelegate.swift in Sources */ = {isa = PBXBuildFile; fileRef = 6A32AC67241D98DF009BF0C8 /* SceneDelegate.swift */; };
		6A32AC6F241D98E1009BF0C8 /* Assets.xcassets in Resources */ = {isa = PBXBuildFile; fileRef = 6A32AC6E241D98E1009BF0C8 /* Assets.xcassets */; };
		6A32AC72241D98E1009BF0C8 /* LaunchScreen.storyboard in Resources */ = {isa = PBXBuildFile; fileRef = 6A32AC70241D98E1009BF0C8 /* LaunchScreen.storyboard */; };
		6A39B2482439211900803B14 /* ModalRentCar.xib in Resources */ = {isa = PBXBuildFile; fileRef = 6A39B2472439211900803B14 /* ModalRentCar.xib */; };
		6A39B24A2439212100803B14 /* ModalRentCar.swift in Sources */ = {isa = PBXBuildFile; fileRef = 6A39B2492439212100803B14 /* ModalRentCar.swift */; };
		6A3BC34E243ACC6800F075D5 /* Loader.xib in Resources */ = {isa = PBXBuildFile; fileRef = 6A3BC34D243ACC6800F075D5 /* Loader.xib */; };
		6A3BC351243ACCBC00F075D5 /* Loader.swift in Sources */ = {isa = PBXBuildFile; fileRef = 6A3BC350243ACCBC00F075D5 /* Loader.swift */; };
		6A3BC353243ACFA800F075D5 /* 14717-sedan-car-animation.json in Resources */ = {isa = PBXBuildFile; fileRef = 6A3BC352243ACFA800F075D5 /* 14717-sedan-car-animation.json */; };
		6A64D7D7257E6F4E0042EBFA /* LicenseViewController.swift in Sources */ = {isa = PBXBuildFile; fileRef = 6A64D7D6257E6F4E0042EBFA /* LicenseViewController.swift */; };
		6A64D7DA257E76050042EBFA /* GoogleService-Info.plist in Resources */ = {isa = PBXBuildFile; fileRef = 6A64D7D9257E76050042EBFA /* GoogleService-Info.plist */; };
		6A64D809257ECE560042EBFA /* ActualRentViewController.swift in Sources */ = {isa = PBXBuildFile; fileRef = 6A64D808257ECE560042EBFA /* ActualRentViewController.swift */; };
		6A64D80C257FC0AE0042EBFA /* InformationSharedTableViewCell.swift in Sources */ = {isa = PBXBuildFile; fileRef = 6A64D80B257FC0AE0042EBFA /* InformationSharedTableViewCell.swift */; };
		6A64D80F257FC1BC0042EBFA /* LocationTableViewCell.swift in Sources */ = {isa = PBXBuildFile; fileRef = 6A64D80E257FC1BC0042EBFA /* LocationTableViewCell.swift */; };
		6A64D812258005290042EBFA /* Place.swift in Sources */ = {isa = PBXBuildFile; fileRef = 6A64D811258005290042EBFA /* Place.swift */; };
		6A64D815258007190042EBFA /* PlaceViewController.swift in Sources */ = {isa = PBXBuildFile; fileRef = 6A64D814258007190042EBFA /* PlaceViewController.swift */; };
		6A64E66424F1637900E7622B /* UserViewController.swift in Sources */ = {isa = PBXBuildFile; fileRef = 6A64E66324F1637900E7622B /* UserViewController.swift */; };
		6A64E66624F1638400E7622B /* User.storyboard in Resources */ = {isa = PBXBuildFile; fileRef = 6A64E66524F1638400E7622B /* User.storyboard */; };
		6A701D962509938500BFD594 /* RentViewController.swift in Sources */ = {isa = PBXBuildFile; fileRef = 6A701D952509938500BFD594 /* RentViewController.swift */; };
		6A71B2F324254A9E006612F1 /* HomeViewController.swift in Sources */ = {isa = PBXBuildFile; fileRef = 6A71B2F224254A9E006612F1 /* HomeViewController.swift */; };
		6A71B2F524254AA7006612F1 /* Home.storyboard in Resources */ = {isa = PBXBuildFile; fileRef = 6A71B2F424254AA7006612F1 /* Home.storyboard */; };
		6A71B2F8242AB6D6006612F1 /* User.swift in Sources */ = {isa = PBXBuildFile; fileRef = 6A71B2F7242AB6D6006612F1 /* User.swift */; };
		6A71B2FA242AB85A006612F1 /* BaseManager.swift in Sources */ = {isa = PBXBuildFile; fileRef = 6A71B2F9242AB85A006612F1 /* BaseManager.swift */; };
		6A803046253B6D1500CB7235 /* PriceTableViewCell.swift in Sources */ = {isa = PBXBuildFile; fileRef = 6A803045253B6D1500CB7235 /* PriceTableViewCell.swift */; };
		6A80F3E924201FCA00474555 /* RootViewController.swift in Sources */ = {isa = PBXBuildFile; fileRef = 6A80F3E824201FCA00474555 /* RootViewController.swift */; };
		6A80F3EB2420200500474555 /* Root.storyboard in Resources */ = {isa = PBXBuildFile; fileRef = 6A80F3EA2420200500474555 /* Root.storyboard */; };
		6A80F3ED2420209A00474555 /* SplashViewController.swift in Sources */ = {isa = PBXBuildFile; fileRef = 6A80F3EC2420209A00474555 /* SplashViewController.swift */; };
		6A80F3F12420234300474555 /* R.generated.swift in Sources */ = {isa = PBXBuildFile; fileRef = 6A80F3F02420234200474555 /* R.generated.swift */; };
		6A80F3F42420282F00474555 /* Auth.storyboard in Resources */ = {isa = PBXBuildFile; fileRef = 6A80F3F32420282F00474555 /* Auth.storyboard */; };
		6A80F3F624202BD800474555 /* SignInViewController.swift in Sources */ = {isa = PBXBuildFile; fileRef = 6A80F3F524202BD800474555 /* SignInViewController.swift */; };
		6A80F3FA24202CFB00474555 /* Localizable.strings in Resources */ = {isa = PBXBuildFile; fileRef = 6A80F3FC24202CFB00474555 /* Localizable.strings */; };
		6A80F401242030A700474555 /* Extensions.swift in Sources */ = {isa = PBXBuildFile; fileRef = 6A80F400242030A700474555 /* Extensions.swift */; };
		6A80F403242041ED00474555 /* Constants.swift in Sources */ = {isa = PBXBuildFile; fileRef = 6A80F402242041ED00474555 /* Constants.swift */; };
		6A80F40724213E7400474555 /* BasePresenter.swift in Sources */ = {isa = PBXBuildFile; fileRef = 6A80F40624213E7400474555 /* BasePresenter.swift */; };
		6A80F40924213EED00474555 /* SignInPresenter.swift in Sources */ = {isa = PBXBuildFile; fileRef = 6A80F40824213EED00474555 /* SignInPresenter.swift */; };
		6A80F40B24213F2500474555 /* PathBuilder.swift in Sources */ = {isa = PBXBuildFile; fileRef = 6A80F40A24213F2500474555 /* PathBuilder.swift */; };
		6A80F40D24213FB500474555 /* BaseResponse.swift in Sources */ = {isa = PBXBuildFile; fileRef = 6A80F40C24213FB500474555 /* BaseResponse.swift */; };
		6A80F40F2421425B00474555 /* ServiceManager.swift in Sources */ = {isa = PBXBuildFile; fileRef = 6A80F40E2421425B00474555 /* ServiceManager.swift */; };
		6A80F4112421437C00474555 /* BodyBuilder.swift in Sources */ = {isa = PBXBuildFile; fileRef = 6A80F4102421437C00474555 /* BodyBuilder.swift */; };
		6A80F413242145B300474555 /* UserManager.swift in Sources */ = {isa = PBXBuildFile; fileRef = 6A80F412242145B300474555 /* UserManager.swift */; };
		6A833B1E249ADF450000FF5B /* RegisterPresenter.swift in Sources */ = {isa = PBXBuildFile; fileRef = 6A833B1D249ADF450000FF5B /* RegisterPresenter.swift */; };
		6A833B20249AEBAB0000FF5B /* UserInputModel.swift in Sources */ = {isa = PBXBuildFile; fileRef = 6A833B1F249AEBAB0000FF5B /* UserInputModel.swift */; };
		6A833B23249AF35C0000FF5B /* PersonalDataRegisterViewController.swift in Sources */ = {isa = PBXBuildFile; fileRef = 6A833B22249AF35C0000FF5B /* PersonalDataRegisterViewController.swift */; };
		6AA18783243951AD004A568B /* GothamRounded-BookItalic.otf in Resources */ = {isa = PBXBuildFile; fileRef = 6AA18777243951AC004A568B /* GothamRounded-BookItalic.otf */; };
		6AA18784243951AD004A568B /* GothamRounded-BoldItalic.otf in Resources */ = {isa = PBXBuildFile; fileRef = 6AA18778243951AC004A568B /* GothamRounded-BoldItalic.otf */; };
		6AA18785243951AD004A568B /* GothamRounded-Medium.otf in Resources */ = {isa = PBXBuildFile; fileRef = 6AA18779243951AD004A568B /* GothamRounded-Medium.otf */; };
		6AA18786243951AD004A568B /* GothamRounded-Bold.otf in Resources */ = {isa = PBXBuildFile; fileRef = 6AA1877A243951AD004A568B /* GothamRounded-Bold.otf */; };
		6AA18787243951AD004A568B /* GothamRounded-LightItalic.otf in Resources */ = {isa = PBXBuildFile; fileRef = 6AA1877B243951AD004A568B /* GothamRounded-LightItalic.otf */; };
		6AA18788243951AD004A568B /* GothamRoundedBook_21018.ttf in Resources */ = {isa = PBXBuildFile; fileRef = 6AA1877C243951AD004A568B /* GothamRoundedBook_21018.ttf */; };
		6AA18789243951AD004A568B /* GothamRoundedLight_21020.ttf in Resources */ = {isa = PBXBuildFile; fileRef = 6AA1877D243951AD004A568B /* GothamRoundedLight_21020.ttf */; };
		6AA1878A243951AD004A568B /* GothamRoundedMedium_21022.ttf in Resources */ = {isa = PBXBuildFile; fileRef = 6AA1877E243951AD004A568B /* GothamRoundedMedium_21022.ttf */; };
		6AA1878B243951AD004A568B /* GothamRoundedBold_21016.ttf in Resources */ = {isa = PBXBuildFile; fileRef = 6AA1877F243951AD004A568B /* GothamRoundedBold_21016.ttf */; };
		6AA1878C243951AD004A568B /* GothamRounded-Book.otf in Resources */ = {isa = PBXBuildFile; fileRef = 6AA18780243951AD004A568B /* GothamRounded-Book.otf */; };
		6AA1878D243951AD004A568B /* GothamRounded-Light.otf in Resources */ = {isa = PBXBuildFile; fileRef = 6AA18781243951AD004A568B /* GothamRounded-Light.otf */; };
		6AA2810E24253C5100544280 /* BaseViewController.swift in Sources */ = {isa = PBXBuildFile; fileRef = 6AA2810D24253C5100544280 /* BaseViewController.swift */; };
		6AA6FBBD257D1BE400E189D9 /* TripManager.swift in Sources */ = {isa = PBXBuildFile; fileRef = 6AA6FBBC257D1BE400E189D9 /* TripManager.swift */; };
		6AA6FBCB257D325500E189D9 /* Trip.swift in Sources */ = {isa = PBXBuildFile; fileRef = 6AA6FBCA257D325500E189D9 /* Trip.swift */; };
		6AA6FBCE257D38BF00E189D9 /* TripTableViewCell.swift in Sources */ = {isa = PBXBuildFile; fileRef = 6AA6FBCD257D38BF00E189D9 /* TripTableViewCell.swift */; };
		6AA6FBD1257D7DAC00E189D9 /* DateHelper.swift in Sources */ = {isa = PBXBuildFile; fileRef = 6AA6FBD0257D7DAC00E189D9 /* DateHelper.swift */; };
		6AD553502433F67D00EE6517 /* Car.swift in Sources */ = {isa = PBXBuildFile; fileRef = 6AD5534F2433F67D00EE6517 /* Car.swift */; };
		6AD553532433F6AE00EE6517 /* CarForRoad.swift in Sources */ = {isa = PBXBuildFile; fileRef = 6AD553522433F6AE00EE6517 /* CarForRoad.swift */; };
		6AD553552434D8AC00EE6517 /* HomePresenter.swift in Sources */ = {isa = PBXBuildFile; fileRef = 6AD553542434D8AC00EE6517 /* HomePresenter.swift */; };
		6AD553572434D9BE00EE6517 /* CarManager.swift in Sources */ = {isa = PBXBuildFile; fileRef = 6AD553562434D9BE00EE6517 /* CarManager.swift */; };
		6AD553592435005D00EE6517 /* TypeCar.swift in Sources */ = {isa = PBXBuildFile; fileRef = 6AD553582435005D00EE6517 /* TypeCar.swift */; };
		6AD5535C2435177100EE6517 /* CarForRoadViewModel.swift in Sources */ = {isa = PBXBuildFile; fileRef = 6AD5535B2435177100EE6517 /* CarForRoadViewModel.swift */; };
		6AD5535E243517CA00EE6517 /* CarViewModel.swift in Sources */ = {isa = PBXBuildFile; fileRef = 6AD5535D243517CA00EE6517 /* CarViewModel.swift */; };
		6AD5536024351A0E00EE6517 /* TypeCarViewModel.swift in Sources */ = {isa = PBXBuildFile; fileRef = 6AD5535F24351A0E00EE6517 /* TypeCarViewModel.swift */; };
		6AEB322C2490512700984196 /* RegisterViewController.swift in Sources */ = {isa = PBXBuildFile; fileRef = 6AEB322B2490512700984196 /* RegisterViewController.swift */; };
		6AEB322E249073F800984196 /* Helper.swift in Sources */ = {isa = PBXBuildFile; fileRef = 6AEB322D249073F800984196 /* Helper.swift */; };
		6AEC1BCB259E0B19002C6A96 /* ListCarsViewController.swift in Sources */ = {isa = PBXBuildFile; fileRef = 6AEC1BCA259E0B19002C6A96 /* ListCarsViewController.swift */; };
		6AEC1BCF259E0B30002C6A96 /* ListCars.storyboard in Resources */ = {isa = PBXBuildFile; fileRef = 6AEC1BCE259E0B30002C6A96 /* ListCars.storyboard */; };
		6AEC1BD3259E0C98002C6A96 /* Rent.storyboard in Resources */ = {isa = PBXBuildFile; fileRef = 6AEC1BD2259E0C98002C6A96 /* Rent.storyboard */; };
		6AFA3FDD253912040044C64D /* PrizeRent.swift in Sources */ = {isa = PBXBuildFile; fileRef = 6AFA3FDC253912040044C64D /* PrizeRent.swift */; };
		7F1E2E41307D5BCCF21D0630 /* Pods_carTrip_ios.framework in Frameworks */ = {isa = PBXBuildFile; fileRef = 7C4E7DDF74A8554737824D7E /* Pods_carTrip_ios.framework */; };
/* End PBXBuildFile section */

/* Begin PBXFileReference section */
		335A8B4753CEC61B9CD8DCBF /* Pods-carTrip-ios.debug.xcconfig */ = {isa = PBXFileReference; includeInIndex = 1; lastKnownFileType = text.xcconfig; name = "Pods-carTrip-ios.debug.xcconfig"; path = "Target Support Files/Pods-carTrip-ios/Pods-carTrip-ios.debug.xcconfig"; sourceTree = "<group>"; };
		6184394103629F66DBCB9C37 /* Pods-carTrip-ios.release.xcconfig */ = {isa = PBXFileReference; includeInIndex = 1; lastKnownFileType = text.xcconfig; name = "Pods-carTrip-ios.release.xcconfig"; path = "Target Support Files/Pods-carTrip-ios/Pods-carTrip-ios.release.xcconfig"; sourceTree = "<group>"; };
		6A04474A25199ABC009E14D2 /* ImageTableViewCell.swift */ = {isa = PBXFileReference; lastKnownFileType = sourcecode.swift; path = ImageTableViewCell.swift; sourceTree = "<group>"; };
		6A04474C25199AD1009E14D2 /* ShareTableViewCell.swift */ = {isa = PBXFileReference; lastKnownFileType = sourcecode.swift; path = ShareTableViewCell.swift; sourceTree = "<group>"; };
		6A04474E25199AE1009E14D2 /* DaysTableViewCell.swift */ = {isa = PBXFileReference; lastKnownFileType = sourcecode.swift; path = DaysTableViewCell.swift; sourceTree = "<group>"; };
		6A04475025199E0D009E14D2 /* RentPresenter.swift */ = {isa = PBXFileReference; lastKnownFileType = sourcecode.swift; path = RentPresenter.swift; sourceTree = "<group>"; };
		6A32AC62241D98DF009BF0C8 /* carTrip-ios.app */ = {isa = PBXFileReference; explicitFileType = wrapper.application; includeInIndex = 0; path = "carTrip-ios.app"; sourceTree = BUILT_PRODUCTS_DIR; };
		6A32AC65241D98DF009BF0C8 /* AppDelegate.swift */ = {isa = PBXFileReference; lastKnownFileType = sourcecode.swift; path = AppDelegate.swift; sourceTree = "<group>"; };
		6A32AC67241D98DF009BF0C8 /* SceneDelegate.swift */ = {isa = PBXFileReference; lastKnownFileType = sourcecode.swift; path = SceneDelegate.swift; sourceTree = "<group>"; };
		6A32AC6E241D98E1009BF0C8 /* Assets.xcassets */ = {isa = PBXFileReference; lastKnownFileType = folder.assetcatalog; path = Assets.xcassets; sourceTree = "<group>"; };
		6A32AC71241D98E1009BF0C8 /* Base */ = {isa = PBXFileReference; lastKnownFileType = file.storyboard; name = Base; path = Base.lproj/LaunchScreen.storyboard; sourceTree = "<group>"; };
		6A32AC73241D98E1009BF0C8 /* Info.plist */ = {isa = PBXFileReference; lastKnownFileType = text.plist.xml; path = Info.plist; sourceTree = "<group>"; };
		6A39B2472439211900803B14 /* ModalRentCar.xib */ = {isa = PBXFileReference; lastKnownFileType = file.xib; path = ModalRentCar.xib; sourceTree = "<group>"; };
		6A39B2492439212100803B14 /* ModalRentCar.swift */ = {isa = PBXFileReference; lastKnownFileType = sourcecode.swift; path = ModalRentCar.swift; sourceTree = "<group>"; };
		6A3BC34D243ACC6800F075D5 /* Loader.xib */ = {isa = PBXFileReference; lastKnownFileType = file.xib; path = Loader.xib; sourceTree = "<group>"; };
		6A3BC350243ACCBC00F075D5 /* Loader.swift */ = {isa = PBXFileReference; lastKnownFileType = sourcecode.swift; path = Loader.swift; sourceTree = "<group>"; };
		6A3BC352243ACFA800F075D5 /* 14717-sedan-car-animation.json */ = {isa = PBXFileReference; fileEncoding = 4; lastKnownFileType = text.json; path = "14717-sedan-car-animation.json"; sourceTree = "<group>"; };
		6A64D7D6257E6F4E0042EBFA /* LicenseViewController.swift */ = {isa = PBXFileReference; lastKnownFileType = sourcecode.swift; path = LicenseViewController.swift; sourceTree = "<group>"; };
		6A64D7D9257E76050042EBFA /* GoogleService-Info.plist */ = {isa = PBXFileReference; fileEncoding = 4; lastKnownFileType = text.plist.xml; path = "GoogleService-Info.plist"; sourceTree = "<group>"; };
		6A64D808257ECE560042EBFA /* ActualRentViewController.swift */ = {isa = PBXFileReference; lastKnownFileType = sourcecode.swift; path = ActualRentViewController.swift; sourceTree = "<group>"; };
		6A64D80B257FC0AE0042EBFA /* InformationSharedTableViewCell.swift */ = {isa = PBXFileReference; lastKnownFileType = sourcecode.swift; path = InformationSharedTableViewCell.swift; sourceTree = "<group>"; };
		6A64D80E257FC1BC0042EBFA /* LocationTableViewCell.swift */ = {isa = PBXFileReference; lastKnownFileType = sourcecode.swift; path = LocationTableViewCell.swift; sourceTree = "<group>"; };
		6A64D811258005290042EBFA /* Place.swift */ = {isa = PBXFileReference; lastKnownFileType = sourcecode.swift; path = Place.swift; sourceTree = "<group>"; };
		6A64D814258007190042EBFA /* PlaceViewController.swift */ = {isa = PBXFileReference; lastKnownFileType = sourcecode.swift; path = PlaceViewController.swift; sourceTree = "<group>"; };
		6A64E66324F1637900E7622B /* UserViewController.swift */ = {isa = PBXFileReference; lastKnownFileType = sourcecode.swift; path = UserViewController.swift; sourceTree = "<group>"; };
		6A64E66524F1638400E7622B /* User.storyboard */ = {isa = PBXFileReference; lastKnownFileType = file.storyboard; path = User.storyboard; sourceTree = "<group>"; };
		6A701D952509938500BFD594 /* RentViewController.swift */ = {isa = PBXFileReference; lastKnownFileType = sourcecode.swift; path = RentViewController.swift; sourceTree = "<group>"; };
		6A71B2F224254A9E006612F1 /* HomeViewController.swift */ = {isa = PBXFileReference; lastKnownFileType = sourcecode.swift; path = HomeViewController.swift; sourceTree = "<group>"; };
		6A71B2F424254AA7006612F1 /* Home.storyboard */ = {isa = PBXFileReference; lastKnownFileType = file.storyboard; path = Home.storyboard; sourceTree = "<group>"; };
		6A71B2F7242AB6D6006612F1 /* User.swift */ = {isa = PBXFileReference; lastKnownFileType = sourcecode.swift; path = User.swift; sourceTree = "<group>"; };
		6A71B2F9242AB85A006612F1 /* BaseManager.swift */ = {isa = PBXFileReference; lastKnownFileType = sourcecode.swift; path = BaseManager.swift; sourceTree = "<group>"; };
		6A803045253B6D1500CB7235 /* PriceTableViewCell.swift */ = {isa = PBXFileReference; lastKnownFileType = sourcecode.swift; path = PriceTableViewCell.swift; sourceTree = "<group>"; };
		6A80F3E824201FCA00474555 /* RootViewController.swift */ = {isa = PBXFileReference; lastKnownFileType = sourcecode.swift; path = RootViewController.swift; sourceTree = "<group>"; };
		6A80F3EA2420200500474555 /* Root.storyboard */ = {isa = PBXFileReference; lastKnownFileType = file.storyboard; path = Root.storyboard; sourceTree = "<group>"; };
		6A80F3EC2420209A00474555 /* SplashViewController.swift */ = {isa = PBXFileReference; lastKnownFileType = sourcecode.swift; path = SplashViewController.swift; sourceTree = "<group>"; };
		6A80F3F02420234200474555 /* R.generated.swift */ = {isa = PBXFileReference; fileEncoding = 4; lastKnownFileType = sourcecode.swift; path = R.generated.swift; sourceTree = SOURCE_ROOT; };
		6A80F3F32420282F00474555 /* Auth.storyboard */ = {isa = PBXFileReference; lastKnownFileType = file.storyboard; path = Auth.storyboard; sourceTree = "<group>"; };
		6A80F3F524202BD800474555 /* SignInViewController.swift */ = {isa = PBXFileReference; lastKnownFileType = sourcecode.swift; path = SignInViewController.swift; sourceTree = "<group>"; };
		6A80F3F724202CCF00474555 /* es-419 */ = {isa = PBXFileReference; lastKnownFileType = text.plist.strings; name = "es-419"; path = "es-419.lproj/LaunchScreen.strings"; sourceTree = "<group>"; };
		6A80F3FB24202CFB00474555 /* en */ = {isa = PBXFileReference; lastKnownFileType = text.plist.strings; name = en; path = en.lproj/Localizable.strings; sourceTree = "<group>"; };
		6A80F3FD24202D0000474555 /* es-419 */ = {isa = PBXFileReference; lastKnownFileType = text.plist.strings; name = "es-419"; path = "es-419.lproj/Localizable.strings"; sourceTree = "<group>"; };
		6A80F400242030A700474555 /* Extensions.swift */ = {isa = PBXFileReference; lastKnownFileType = sourcecode.swift; path = Extensions.swift; sourceTree = "<group>"; };
		6A80F402242041ED00474555 /* Constants.swift */ = {isa = PBXFileReference; lastKnownFileType = sourcecode.swift; path = Constants.swift; sourceTree = "<group>"; };
		6A80F40624213E7400474555 /* BasePresenter.swift */ = {isa = PBXFileReference; lastKnownFileType = sourcecode.swift; path = BasePresenter.swift; sourceTree = "<group>"; };
		6A80F40824213EED00474555 /* SignInPresenter.swift */ = {isa = PBXFileReference; lastKnownFileType = sourcecode.swift; path = SignInPresenter.swift; sourceTree = "<group>"; };
		6A80F40A24213F2500474555 /* PathBuilder.swift */ = {isa = PBXFileReference; lastKnownFileType = sourcecode.swift; path = PathBuilder.swift; sourceTree = "<group>"; };
		6A80F40C24213FB500474555 /* BaseResponse.swift */ = {isa = PBXFileReference; lastKnownFileType = sourcecode.swift; path = BaseResponse.swift; sourceTree = "<group>"; };
		6A80F40E2421425B00474555 /* ServiceManager.swift */ = {isa = PBXFileReference; lastKnownFileType = sourcecode.swift; path = ServiceManager.swift; sourceTree = "<group>"; };
		6A80F4102421437C00474555 /* BodyBuilder.swift */ = {isa = PBXFileReference; lastKnownFileType = sourcecode.swift; path = BodyBuilder.swift; sourceTree = "<group>"; };
		6A80F412242145B300474555 /* UserManager.swift */ = {isa = PBXFileReference; lastKnownFileType = sourcecode.swift; path = UserManager.swift; sourceTree = "<group>"; };
		6A833B1D249ADF450000FF5B /* RegisterPresenter.swift */ = {isa = PBXFileReference; lastKnownFileType = sourcecode.swift; path = RegisterPresenter.swift; sourceTree = "<group>"; };
		6A833B1F249AEBAB0000FF5B /* UserInputModel.swift */ = {isa = PBXFileReference; lastKnownFileType = sourcecode.swift; path = UserInputModel.swift; sourceTree = "<group>"; };
		6A833B22249AF35C0000FF5B /* PersonalDataRegisterViewController.swift */ = {isa = PBXFileReference; lastKnownFileType = sourcecode.swift; path = PersonalDataRegisterViewController.swift; sourceTree = "<group>"; };
		6AA18777243951AC004A568B /* GothamRounded-BookItalic.otf */ = {isa = PBXFileReference; lastKnownFileType = file; path = "GothamRounded-BookItalic.otf"; sourceTree = "<group>"; };
		6AA18778243951AC004A568B /* GothamRounded-BoldItalic.otf */ = {isa = PBXFileReference; lastKnownFileType = file; path = "GothamRounded-BoldItalic.otf"; sourceTree = "<group>"; };
		6AA18779243951AD004A568B /* GothamRounded-Medium.otf */ = {isa = PBXFileReference; lastKnownFileType = file; path = "GothamRounded-Medium.otf"; sourceTree = "<group>"; };
		6AA1877A243951AD004A568B /* GothamRounded-Bold.otf */ = {isa = PBXFileReference; lastKnownFileType = file; path = "GothamRounded-Bold.otf"; sourceTree = "<group>"; };
		6AA1877B243951AD004A568B /* GothamRounded-LightItalic.otf */ = {isa = PBXFileReference; lastKnownFileType = file; path = "GothamRounded-LightItalic.otf"; sourceTree = "<group>"; };
		6AA1877C243951AD004A568B /* GothamRoundedBook_21018.ttf */ = {isa = PBXFileReference; lastKnownFileType = file; path = GothamRoundedBook_21018.ttf; sourceTree = "<group>"; };
		6AA1877D243951AD004A568B /* GothamRoundedLight_21020.ttf */ = {isa = PBXFileReference; lastKnownFileType = file; path = GothamRoundedLight_21020.ttf; sourceTree = "<group>"; };
		6AA1877E243951AD004A568B /* GothamRoundedMedium_21022.ttf */ = {isa = PBXFileReference; lastKnownFileType = file; path = GothamRoundedMedium_21022.ttf; sourceTree = "<group>"; };
		6AA1877F243951AD004A568B /* GothamRoundedBold_21016.ttf */ = {isa = PBXFileReference; lastKnownFileType = file; path = GothamRoundedBold_21016.ttf; sourceTree = "<group>"; };
		6AA18780243951AD004A568B /* GothamRounded-Book.otf */ = {isa = PBXFileReference; lastKnownFileType = file; path = "GothamRounded-Book.otf"; sourceTree = "<group>"; };
		6AA18781243951AD004A568B /* GothamRounded-Light.otf */ = {isa = PBXFileReference; lastKnownFileType = file; path = "GothamRounded-Light.otf"; sourceTree = "<group>"; };
		6AA1878F2439534F004A568B /* GothamRounded-MediumItalic.otf */ = {isa = PBXFileReference; lastKnownFileType = file; path = "GothamRounded-MediumItalic.otf"; sourceTree = "<group>"; };
		6AA2810D24253C5100544280 /* BaseViewController.swift */ = {isa = PBXFileReference; lastKnownFileType = sourcecode.swift; path = BaseViewController.swift; sourceTree = "<group>"; };
		6AA6FBBC257D1BE400E189D9 /* TripManager.swift */ = {isa = PBXFileReference; lastKnownFileType = sourcecode.swift; path = TripManager.swift; sourceTree = "<group>"; };
		6AA6FBCA257D325500E189D9 /* Trip.swift */ = {isa = PBXFileReference; lastKnownFileType = sourcecode.swift; path = Trip.swift; sourceTree = "<group>"; };
		6AA6FBCD257D38BF00E189D9 /* TripTableViewCell.swift */ = {isa = PBXFileReference; lastKnownFileType = sourcecode.swift; path = TripTableViewCell.swift; sourceTree = "<group>"; };
		6AA6FBD0257D7DAC00E189D9 /* DateHelper.swift */ = {isa = PBXFileReference; lastKnownFileType = sourcecode.swift; path = DateHelper.swift; sourceTree = "<group>"; };
		6AD5534F2433F67D00EE6517 /* Car.swift */ = {isa = PBXFileReference; lastKnownFileType = sourcecode.swift; path = Car.swift; sourceTree = "<group>"; };
		6AD553522433F6AE00EE6517 /* CarForRoad.swift */ = {isa = PBXFileReference; lastKnownFileType = sourcecode.swift; path = CarForRoad.swift; sourceTree = "<group>"; };
		6AD553542434D8AC00EE6517 /* HomePresenter.swift */ = {isa = PBXFileReference; lastKnownFileType = sourcecode.swift; path = HomePresenter.swift; sourceTree = "<group>"; };
		6AD553562434D9BE00EE6517 /* CarManager.swift */ = {isa = PBXFileReference; lastKnownFileType = sourcecode.swift; path = CarManager.swift; sourceTree = "<group>"; };
		6AD553582435005D00EE6517 /* TypeCar.swift */ = {isa = PBXFileReference; lastKnownFileType = sourcecode.swift; path = TypeCar.swift; sourceTree = "<group>"; };
		6AD5535B2435177100EE6517 /* CarForRoadViewModel.swift */ = {isa = PBXFileReference; lastKnownFileType = sourcecode.swift; path = CarForRoadViewModel.swift; sourceTree = "<group>"; };
		6AD5535D243517CA00EE6517 /* CarViewModel.swift */ = {isa = PBXFileReference; lastKnownFileType = sourcecode.swift; path = CarViewModel.swift; sourceTree = "<group>"; };
		6AD5535F24351A0E00EE6517 /* TypeCarViewModel.swift */ = {isa = PBXFileReference; lastKnownFileType = sourcecode.swift; path = TypeCarViewModel.swift; sourceTree = "<group>"; };
		6AEB322B2490512700984196 /* RegisterViewController.swift */ = {isa = PBXFileReference; lastKnownFileType = sourcecode.swift; path = RegisterViewController.swift; sourceTree = "<group>"; };
		6AEB322D249073F800984196 /* Helper.swift */ = {isa = PBXFileReference; lastKnownFileType = sourcecode.swift; path = Helper.swift; sourceTree = "<group>"; };
		6AEC1BCA259E0B19002C6A96 /* ListCarsViewController.swift */ = {isa = PBXFileReference; lastKnownFileType = sourcecode.swift; path = ListCarsViewController.swift; sourceTree = "<group>"; };
		6AEC1BCE259E0B30002C6A96 /* ListCars.storyboard */ = {isa = PBXFileReference; lastKnownFileType = file.storyboard; path = ListCars.storyboard; sourceTree = "<group>"; };
		6AEC1BD2259E0C98002C6A96 /* Rent.storyboard */ = {isa = PBXFileReference; lastKnownFileType = file.storyboard; path = Rent.storyboard; sourceTree = "<group>"; };
		6AFA3FDC253912040044C64D /* PrizeRent.swift */ = {isa = PBXFileReference; lastKnownFileType = sourcecode.swift; path = PrizeRent.swift; sourceTree = "<group>"; };
		7C4E7DDF74A8554737824D7E /* Pods_carTrip_ios.framework */ = {isa = PBXFileReference; explicitFileType = wrapper.framework; includeInIndex = 0; path = Pods_carTrip_ios.framework; sourceTree = BUILT_PRODUCTS_DIR; };
/* End PBXFileReference section */

/* Begin PBXFrameworksBuildPhase section */
		6A32AC5F241D98DE009BF0C8 /* Frameworks */ = {
			isa = PBXFrameworksBuildPhase;
			buildActionMask = 2147483647;
			files = (
				7F1E2E41307D5BCCF21D0630 /* Pods_carTrip_ios.framework in Frameworks */,
			);
			runOnlyForDeploymentPostprocessing = 0;
		};
/* End PBXFrameworksBuildPhase section */

/* Begin PBXGroup section */
		055D5D0D19870AE436E9B1D0 /* Frameworks */ = {
			isa = PBXGroup;
			children = (
				7C4E7DDF74A8554737824D7E /* Pods_carTrip_ios.framework */,
			);
			name = Frameworks;
			sourceTree = "<group>";
		};
		6A04474925199AA1009E14D2 /* Rent */ = {
			isa = PBXGroup;
			children = (
				6AEC1BD2259E0C98002C6A96 /* Rent.storyboard */,
				6A701D952509938500BFD594 /* RentViewController.swift */,
				6A04474A25199ABC009E14D2 /* ImageTableViewCell.swift */,
				6A04474C25199AD1009E14D2 /* ShareTableViewCell.swift */,
				6A04474E25199AE1009E14D2 /* DaysTableViewCell.swift */,
				6A803045253B6D1500CB7235 /* PriceTableViewCell.swift */,
				6A64D80B257FC0AE0042EBFA /* InformationSharedTableViewCell.swift */,
				6A64D80E257FC1BC0042EBFA /* LocationTableViewCell.swift */,
				6A64D814258007190042EBFA /* PlaceViewController.swift */,
			);
			path = Rent;
			sourceTree = "<group>";
		};
		6A32AC59241D98DE009BF0C8 = {
			isa = PBXGroup;
			children = (
				6A32AC64241D98DF009BF0C8 /* carTrip-ios */,
				6A32AC63241D98DF009BF0C8 /* Products */,
				E44A1461189A9947E67A12EF /* Pods */,
				055D5D0D19870AE436E9B1D0 /* Frameworks */,
			);
			sourceTree = "<group>";
		};
		6A32AC63241D98DF009BF0C8 /* Products */ = {
			isa = PBXGroup;
			children = (
				6A32AC62241D98DF009BF0C8 /* carTrip-ios.app */,
			);
			name = Products;
			sourceTree = "<group>";
		};
		6A32AC64241D98DF009BF0C8 /* carTrip-ios */ = {
			isa = PBXGroup;
			children = (
				6A80F40424213E5500474555 /* Presenter */,
				6A80F3E4241D9C1700474555 /* Controllers */,
				6A80F3E6241D9C2900474555 /* Services */,
				6A80F3E5241D9C2100474555 /* Manager */,
				6A71B2F6242AB6BD006612F1 /* Models */,
				6A80F3EF242022B300474555 /* Supporting Files */,
				6A80F3FE2420307F00474555 /* Helpers */,
				6A32AC73241D98E1009BF0C8 /* Info.plist */,
			);
			path = "carTrip-ios";
			sourceTree = "<group>";
		};
		6A39B24524391FD200803B14 /* Reusable */ = {
			isa = PBXGroup;
			children = (
				6A3BC34F243ACCAF00F075D5 /* Loader */,
				6A39B2462439210B00803B14 /* Modal */,
			);
			path = Reusable;
			sourceTree = "<group>";
		};
		6A39B2462439210B00803B14 /* Modal */ = {
			isa = PBXGroup;
			children = (
				6A39B2472439211900803B14 /* ModalRentCar.xib */,
				6A39B2492439212100803B14 /* ModalRentCar.swift */,
			);
			path = Modal;
			sourceTree = "<group>";
		};
		6A3BC34F243ACCAF00F075D5 /* Loader */ = {
			isa = PBXGroup;
			children = (
				6A3BC34D243ACC6800F075D5 /* Loader.xib */,
				6A3BC350243ACCBC00F075D5 /* Loader.swift */,
			);
			path = Loader;
			sourceTree = "<group>";
		};
		6A64E66224F1636300E7622B /* User */ = {
			isa = PBXGroup;
			children = (
				6A64E66324F1637900E7622B /* UserViewController.swift */,
				6A64E66524F1638400E7622B /* User.storyboard */,
				6AA6FBCD257D38BF00E189D9 /* TripTableViewCell.swift */,
			);
			path = User;
			sourceTree = "<group>";
		};
		6A71B2F124254A72006612F1 /* Home */ = {
			isa = PBXGroup;
			children = (
				6A71B2F424254AA7006612F1 /* Home.storyboard */,
				6A71B2F224254A9E006612F1 /* HomeViewController.swift */,
				6A64D808257ECE560042EBFA /* ActualRentViewController.swift */,
				6A04474925199AA1009E14D2 /* Rent */,
				6AEC1BC9259E0B01002C6A96 /* Cars */,
			);
			path = Home;
			sourceTree = "<group>";
		};
		6A71B2F6242AB6BD006612F1 /* Models */ = {
			isa = PBXGroup;
			children = (
				6A71B2F7242AB6D6006612F1 /* User.swift */,
				6AD5534F2433F67D00EE6517 /* Car.swift */,
				6AD553522433F6AE00EE6517 /* CarForRoad.swift */,
				6AD553582435005D00EE6517 /* TypeCar.swift */,
				6AFA3FDC253912040044C64D /* PrizeRent.swift */,
				6AA6FBCA257D325500E189D9 /* Trip.swift */,
				6A64D811258005290042EBFA /* Place.swift */,
			);
			path = Models;
			sourceTree = "<group>";
		};
		6A80F3E4241D9C1700474555 /* Controllers */ = {
			isa = PBXGroup;
			children = (
				6A39B24524391FD200803B14 /* Reusable */,
				6AA2810D24253C5100544280 /* BaseViewController.swift */,
				6A80F3F22420281600474555 /* Auth */,
				6A71B2F124254A72006612F1 /* Home */,
				6A64E66224F1636300E7622B /* User */,
				6A80F3E7241DA01800474555 /* Root Controller */,
			);
			path = Controllers;
			sourceTree = "<group>";
		};
		6A80F3E5241D9C2100474555 /* Manager */ = {
			isa = PBXGroup;
			children = (
				6A80F412242145B300474555 /* UserManager.swift */,
				6A71B2F9242AB85A006612F1 /* BaseManager.swift */,
				6AD553562434D9BE00EE6517 /* CarManager.swift */,
				6AA6FBBC257D1BE400E189D9 /* TripManager.swift */,
			);
			path = Manager;
			sourceTree = "<group>";
		};
		6A80F3E6241D9C2900474555 /* Services */ = {
			isa = PBXGroup;
			children = (
				6A80F40A24213F2500474555 /* PathBuilder.swift */,
				6A80F40C24213FB500474555 /* BaseResponse.swift */,
				6A80F40E2421425B00474555 /* ServiceManager.swift */,
				6A80F4102421437C00474555 /* BodyBuilder.swift */,
			);
			path = Services;
			sourceTree = "<group>";
		};
		6A80F3E7241DA01800474555 /* Root Controller */ = {
			isa = PBXGroup;
			children = (
				6A32AC70241D98E1009BF0C8 /* LaunchScreen.storyboard */,
				6A80F3E824201FCA00474555 /* RootViewController.swift */,
				6A80F3EA2420200500474555 /* Root.storyboard */,
				6A80F3EC2420209A00474555 /* SplashViewController.swift */,
			);
			path = "Root Controller";
			sourceTree = "<group>";
		};
		6A80F3EF242022B300474555 /* Supporting Files */ = {
			isa = PBXGroup;
			children = (
				6A64D7D9257E76050042EBFA /* GoogleService-Info.plist */,
				6AA1877624395194004A568B /* Fonts */,
				6A80F3FC24202CFB00474555 /* Localizable.strings */,
				6A80F3F02420234200474555 /* R.generated.swift */,
				6A32AC65241D98DF009BF0C8 /* AppDelegate.swift */,
				6A3BC352243ACFA800F075D5 /* 14717-sedan-car-animation.json */,
				6A32AC67241D98DF009BF0C8 /* SceneDelegate.swift */,
				6A32AC6E241D98E1009BF0C8 /* Assets.xcassets */,
			);
			path = "Supporting Files";
			sourceTree = "<group>";
		};
		6A80F3F22420281600474555 /* Auth */ = {
			isa = PBXGroup;
			children = (
				6A80F3F32420282F00474555 /* Auth.storyboard */,
				6A80F3F524202BD800474555 /* SignInViewController.swift */,
				6A833B1C249ADDF70000FF5B /* Register */,
			);
			path = Auth;
			sourceTree = "<group>";
		};
		6A80F3FE2420307F00474555 /* Helpers */ = {
			isa = PBXGroup;
			children = (
				6A80F400242030A700474555 /* Extensions.swift */,
				6A80F402242041ED00474555 /* Constants.swift */,
				6AEB322D249073F800984196 /* Helper.swift */,
				6AA6FBD0257D7DAC00E189D9 /* DateHelper.swift */,
			);
			path = Helpers;
			sourceTree = "<group>";
		};
		6A80F40424213E5500474555 /* Presenter */ = {
			isa = PBXGroup;
			children = (
				6AD5535A2435176200EE6517 /* ViewModel */,
				6A833B21249AEC370000FF5B /* InputModel */,
				6A80F40624213E7400474555 /* BasePresenter.swift */,
				6A80F40824213EED00474555 /* SignInPresenter.swift */,
				6AD553542434D8AC00EE6517 /* HomePresenter.swift */,
				6A833B1D249ADF450000FF5B /* RegisterPresenter.swift */,
				6A04475025199E0D009E14D2 /* RentPresenter.swift */,
			);
			path = Presenter;
			sourceTree = "<group>";
		};
		6A833B1C249ADDF70000FF5B /* Register */ = {
			isa = PBXGroup;
			children = (
				6AEB322B2490512700984196 /* RegisterViewController.swift */,
				6A833B22249AF35C0000FF5B /* PersonalDataRegisterViewController.swift */,
				6A64D7D6257E6F4E0042EBFA /* LicenseViewController.swift */,
			);
			path = Register;
			sourceTree = "<group>";
		};
		6A833B21249AEC370000FF5B /* InputModel */ = {
			isa = PBXGroup;
			children = (
				6A833B1F249AEBAB0000FF5B /* UserInputModel.swift */,
			);
			path = InputModel;
			sourceTree = "<group>";
		};
		6AA1877624395194004A568B /* Fonts */ = {
			isa = PBXGroup;
			children = (
				6AA1877A243951AD004A568B /* GothamRounded-Bold.otf */,
				6AA18778243951AC004A568B /* GothamRounded-BoldItalic.otf */,
				6AA18780243951AD004A568B /* GothamRounded-Book.otf */,
				6AA18777243951AC004A568B /* GothamRounded-BookItalic.otf */,
				6AA18781243951AD004A568B /* GothamRounded-Light.otf */,
				6AA1877B243951AD004A568B /* GothamRounded-LightItalic.otf */,
				6AA1878F2439534F004A568B /* GothamRounded-MediumItalic.otf */,
				6AA18779243951AD004A568B /* GothamRounded-Medium.otf */,
				6AA1877F243951AD004A568B /* GothamRoundedBold_21016.ttf */,
				6AA1877C243951AD004A568B /* GothamRoundedBook_21018.ttf */,
				6AA1877D243951AD004A568B /* GothamRoundedLight_21020.ttf */,
				6AA1877E243951AD004A568B /* GothamRoundedMedium_21022.ttf */,
			);
			path = Fonts;
			sourceTree = "<group>";
		};
		6AD5535A2435176200EE6517 /* ViewModel */ = {
			isa = PBXGroup;
			children = (
				6AD5535B2435177100EE6517 /* CarForRoadViewModel.swift */,
				6AD5535D243517CA00EE6517 /* CarViewModel.swift */,
				6AD5535F24351A0E00EE6517 /* TypeCarViewModel.swift */,
			);
			path = ViewModel;
			sourceTree = "<group>";
		};
		6AEC1BC9259E0B01002C6A96 /* Cars */ = {
			isa = PBXGroup;
			children = (
				6AEC1BCA259E0B19002C6A96 /* ListCarsViewController.swift */,
				6AEC1BCE259E0B30002C6A96 /* ListCars.storyboard */,
			);
			path = Cars;
			sourceTree = "<group>";
		};
		E44A1461189A9947E67A12EF /* Pods */ = {
			isa = PBXGroup;
			children = (
				335A8B4753CEC61B9CD8DCBF /* Pods-carTrip-ios.debug.xcconfig */,
				6184394103629F66DBCB9C37 /* Pods-carTrip-ios.release.xcconfig */,
			);
			path = Pods;
			sourceTree = "<group>";
		};
/* End PBXGroup section */

/* Begin PBXNativeTarget section */
		6A32AC61241D98DE009BF0C8 /* carTrip-ios */ = {
			isa = PBXNativeTarget;
			buildConfigurationList = 6A32AC76241D98E1009BF0C8 /* Build configuration list for PBXNativeTarget "carTrip-ios" */;
			buildPhases = (
				8850B66B18967F368E706101 /* [CP] Check Pods Manifest.lock */,
				6A80F3EE2420222A00474555 /* R Swift */,
				6A32AC5E241D98DE009BF0C8 /* Sources */,
				6A32AC5F241D98DE009BF0C8 /* Frameworks */,
				6A32AC60241D98DE009BF0C8 /* Resources */,
				0A53727EE312B90C80F5F024 /* [CP] Embed Pods Frameworks */,
			);
			buildRules = (
			);
			dependencies = (
			);
			name = "carTrip-ios";
			productName = "carTrip-ios";
			productReference = 6A32AC62241D98DF009BF0C8 /* carTrip-ios.app */;
			productType = "com.apple.product-type.application";
		};
/* End PBXNativeTarget section */

/* Begin PBXProject section */
		6A32AC5A241D98DE009BF0C8 /* Project object */ = {
			isa = PBXProject;
			attributes = {
				LastSwiftUpdateCheck = 1130;
				LastUpgradeCheck = 1130;
				ORGANIZATIONNAME = "Patricio Bengoechea";
				TargetAttributes = {
					6A32AC61241D98DE009BF0C8 = {
						CreatedOnToolsVersion = 11.3.1;
					};
				};
			};
			buildConfigurationList = 6A32AC5D241D98DE009BF0C8 /* Build configuration list for PBXProject "carTrip-ios" */;
			compatibilityVersion = "Xcode 9.3";
			developmentRegion = en;
			hasScannedForEncodings = 0;
			knownRegions = (
				en,
				Base,
				"es-419",
			);
			mainGroup = 6A32AC59241D98DE009BF0C8;
			productRefGroup = 6A32AC63241D98DF009BF0C8 /* Products */;
			projectDirPath = "";
			projectRoot = "";
			targets = (
				6A32AC61241D98DE009BF0C8 /* carTrip-ios */,
			);
		};
/* End PBXProject section */

/* Begin PBXResourcesBuildPhase section */
		6A32AC60241D98DE009BF0C8 /* Resources */ = {
			isa = PBXResourcesBuildPhase;
			buildActionMask = 2147483647;
			files = (
				6AA18785243951AD004A568B /* GothamRounded-Medium.otf in Resources */,
				6A39B2482439211900803B14 /* ModalRentCar.xib in Resources */,
				6AA1878B243951AD004A568B /* GothamRoundedBold_21016.ttf in Resources */,
				6AEC1BCF259E0B30002C6A96 /* ListCars.storyboard in Resources */,
				6A80F3FA24202CFB00474555 /* Localizable.strings in Resources */,
				6AA18783243951AD004A568B /* GothamRounded-BookItalic.otf in Resources */,
				6A64E66624F1638400E7622B /* User.storyboard in Resources */,
				6A3BC34E243ACC6800F075D5 /* Loader.xib in Resources */,
				6AA1878C243951AD004A568B /* GothamRounded-Book.otf in Resources */,
				6AA18784243951AD004A568B /* GothamRounded-BoldItalic.otf in Resources */,
				6AA18788243951AD004A568B /* GothamRoundedBook_21018.ttf in Resources */,
				6A80F3F42420282F00474555 /* Auth.storyboard in Resources */,
				6AA18789243951AD004A568B /* GothamRoundedLight_21020.ttf in Resources */,
				6A32AC72241D98E1009BF0C8 /* LaunchScreen.storyboard in Resources */,
				6A71B2F524254AA7006612F1 /* Home.storyboard in Resources */,
				6AEC1BD3259E0C98002C6A96 /* Rent.storyboard in Resources */,
				6AA1878D243951AD004A568B /* GothamRounded-Light.otf in Resources */,
				6A3BC353243ACFA800F075D5 /* 14717-sedan-car-animation.json in Resources */,
				6AA18787243951AD004A568B /* GothamRounded-LightItalic.otf in Resources */,
				6AA18786243951AD004A568B /* GothamRounded-Bold.otf in Resources */,
				6A32AC6F241D98E1009BF0C8 /* Assets.xcassets in Resources */,
				6A64D7DA257E76050042EBFA /* GoogleService-Info.plist in Resources */,
				6A80F3EB2420200500474555 /* Root.storyboard in Resources */,
				6AA1878A243951AD004A568B /* GothamRoundedMedium_21022.ttf in Resources */,
			);
			runOnlyForDeploymentPostprocessing = 0;
		};
/* End PBXResourcesBuildPhase section */

/* Begin PBXShellScriptBuildPhase section */
		0A53727EE312B90C80F5F024 /* [CP] Embed Pods Frameworks */ = {
			isa = PBXShellScriptBuildPhase;
			buildActionMask = 2147483647;
			files = (
			);
			inputFileListPaths = (
				"${PODS_ROOT}/Target Support Files/Pods-carTrip-ios/Pods-carTrip-ios-frameworks-${CONFIGURATION}-input-files.xcfilelist",
			);
			name = "[CP] Embed Pods Frameworks";
			outputFileListPaths = (
				"${PODS_ROOT}/Target Support Files/Pods-carTrip-ios/Pods-carTrip-ios-frameworks-${CONFIGURATION}-output-files.xcfilelist",
			);
			runOnlyForDeploymentPostprocessing = 0;
			shellPath = /bin/sh;
			shellScript = "\"${PODS_ROOT}/Target Support Files/Pods-carTrip-ios/Pods-carTrip-ios-frameworks.sh\"\n";
			showEnvVarsInLog = 0;
		};
		6A80F3EE2420222A00474555 /* R Swift */ = {
			isa = PBXShellScriptBuildPhase;
			buildActionMask = 2147483647;
			files = (
			);
			inputFileListPaths = (
			);
			inputPaths = (
				"$TEMP_DIR/rswift-lastrun",
			);
			name = "R Swift";
			outputFileListPaths = (
			);
			outputPaths = (
				$SRCROOT/R.generated.swift,
			);
			runOnlyForDeploymentPostprocessing = 0;
			shellPath = /bin/sh;
			shellScript = "# Type a script or drag a script file from your workspace to insert its path.\n\"$PODS_ROOT/R.swift/rswift\" generate \"$SRCROOT/R.generated.swift\"\n";
		};
		8850B66B18967F368E706101 /* [CP] Check Pods Manifest.lock */ = {
			isa = PBXShellScriptBuildPhase;
			buildActionMask = 2147483647;
			files = (
			);
			inputFileListPaths = (
			);
			inputPaths = (
				"${PODS_PODFILE_DIR_PATH}/Podfile.lock",
				"${PODS_ROOT}/Manifest.lock",
			);
			name = "[CP] Check Pods Manifest.lock";
			outputFileListPaths = (
			);
			outputPaths = (
				"$(DERIVED_FILE_DIR)/Pods-carTrip-ios-checkManifestLockResult.txt",
			);
			runOnlyForDeploymentPostprocessing = 0;
			shellPath = /bin/sh;
			shellScript = "diff \"${PODS_PODFILE_DIR_PATH}/Podfile.lock\" \"${PODS_ROOT}/Manifest.lock\" > /dev/null\nif [ $? != 0 ] ; then\n    # print error to STDERR\n    echo \"error: The sandbox is not in sync with the Podfile.lock. Run 'pod install' or update your CocoaPods installation.\" >&2\n    exit 1\nfi\n# This output is used by Xcode 'outputs' to avoid re-running this script phase.\necho \"SUCCESS\" > \"${SCRIPT_OUTPUT_FILE_0}\"\n";
			showEnvVarsInLog = 0;
		};
/* End PBXShellScriptBuildPhase section */

/* Begin PBXSourcesBuildPhase section */
		6A32AC5E241D98DE009BF0C8 /* Sources */ = {
			isa = PBXSourcesBuildPhase;
			buildActionMask = 2147483647;
			files = (
				6A64D80C257FC0AE0042EBFA /* InformationSharedTableViewCell.swift in Sources */,
				6AA6FBCB257D325500E189D9 /* Trip.swift in Sources */,
				6A32AC66241D98DF009BF0C8 /* AppDelegate.swift in Sources */,
				6A71B2FA242AB85A006612F1 /* BaseManager.swift in Sources */,
				6AD553502433F67D00EE6517 /* Car.swift in Sources */,
				6AD5536024351A0E00EE6517 /* TypeCarViewModel.swift in Sources */,
				6AD553572434D9BE00EE6517 /* CarManager.swift in Sources */,
				6A833B23249AF35C0000FF5B /* PersonalDataRegisterViewController.swift in Sources */,
				6A64D815258007190042EBFA /* PlaceViewController.swift in Sources */,
				6A64D7D7257E6F4E0042EBFA /* LicenseViewController.swift in Sources */,
				6A64D812258005290042EBFA /* Place.swift in Sources */,
				6A04474B25199ABC009E14D2 /* ImageTableViewCell.swift in Sources */,
				6AD5535C2435177100EE6517 /* CarForRoadViewModel.swift in Sources */,
				6AEC1BCB259E0B19002C6A96 /* ListCarsViewController.swift in Sources */,
				6AD553532433F6AE00EE6517 /* CarForRoad.swift in Sources */,
				6A80F40724213E7400474555 /* BasePresenter.swift in Sources */,
				6A3BC351243ACCBC00F075D5 /* Loader.swift in Sources */,
				6AA6FBBD257D1BE400E189D9 /* TripManager.swift in Sources */,
				6A803046253B6D1500CB7235 /* PriceTableViewCell.swift in Sources */,
				6A64D80F257FC1BC0042EBFA /* LocationTableViewCell.swift in Sources */,
				6A80F3E924201FCA00474555 /* RootViewController.swift in Sources */,
				6A71B2F324254A9E006612F1 /* HomeViewController.swift in Sources */,
				6AD553592435005D00EE6517 /* TypeCar.swift in Sources */,
				6A39B24A2439212100803B14 /* ModalRentCar.swift in Sources */,
				6A80F413242145B300474555 /* UserManager.swift in Sources */,
				6A04474F25199AE1009E14D2 /* DaysTableViewCell.swift in Sources */,
				6AEB322E249073F800984196 /* Helper.swift in Sources */,
				6AA6FBD1257D7DAC00E189D9 /* DateHelper.swift in Sources */,
				6A833B1E249ADF450000FF5B /* RegisterPresenter.swift in Sources */,
				6A80F40D24213FB500474555 /* BaseResponse.swift in Sources */,
				6A80F40F2421425B00474555 /* ServiceManager.swift in Sources */,
				6A701D962509938500BFD594 /* RentViewController.swift in Sources */,
				6A64D809257ECE560042EBFA /* ActualRentViewController.swift in Sources */,
				6AFA3FDD253912040044C64D /* PrizeRent.swift in Sources */,
				6A80F40B24213F2500474555 /* PathBuilder.swift in Sources */,
				6A80F3F624202BD800474555 /* SignInViewController.swift in Sources */,
				6A64E66424F1637900E7622B /* UserViewController.swift in Sources */,
				6A80F4112421437C00474555 /* BodyBuilder.swift in Sources */,
				6A80F40924213EED00474555 /* SignInPresenter.swift in Sources */,
				6A32AC68241D98DF009BF0C8 /* SceneDelegate.swift in Sources */,
				6AEB322C2490512700984196 /* RegisterViewController.swift in Sources */,
				6A833B20249AEBAB0000FF5B /* UserInputModel.swift in Sources */,
				6A04474D25199AD1009E14D2 /* ShareTableViewCell.swift in Sources */,
				6A04475125199E0D009E14D2 /* RentPresenter.swift in Sources */,
				6A80F3ED2420209A00474555 /* SplashViewController.swift in Sources */,
				6AD5535E243517CA00EE6517 /* CarViewModel.swift in Sources */,
				6A80F3F12420234300474555 /* R.generated.swift in Sources */,
				6AA6FBCE257D38BF00E189D9 /* TripTableViewCell.swift in Sources */,
				6A71B2F8242AB6D6006612F1 /* User.swift in Sources */,
				6AA2810E24253C5100544280 /* BaseViewController.swift in Sources */,
				6A80F401242030A700474555 /* Extensions.swift in Sources */,
				6A80F403242041ED00474555 /* Constants.swift in Sources */,
				6AD553552434D8AC00EE6517 /* HomePresenter.swift in Sources */,
			);
			runOnlyForDeploymentPostprocessing = 0;
		};
/* End PBXSourcesBuildPhase section */

/* Begin PBXVariantGroup section */
		6A32AC70241D98E1009BF0C8 /* LaunchScreen.storyboard */ = {
			isa = PBXVariantGroup;
			children = (
				6A32AC71241D98E1009BF0C8 /* Base */,
				6A80F3F724202CCF00474555 /* es-419 */,
			);
			name = LaunchScreen.storyboard;
			sourceTree = "<group>";
		};
		6A80F3FC24202CFB00474555 /* Localizable.strings */ = {
			isa = PBXVariantGroup;
			children = (
				6A80F3FB24202CFB00474555 /* en */,
				6A80F3FD24202D0000474555 /* es-419 */,
			);
			name = Localizable.strings;
			sourceTree = "<group>";
		};
/* End PBXVariantGroup section */

/* Begin XCBuildConfiguration section */
		6A32AC74241D98E1009BF0C8 /* Debug */ = {
			isa = XCBuildConfiguration;
			buildSettings = {
				ALWAYS_SEARCH_USER_PATHS = NO;
				CLANG_ANALYZER_LOCALIZABILITY_NONLOCALIZED = YES;
				CLANG_ANALYZER_NONNULL = YES;
				CLANG_ANALYZER_NUMBER_OBJECT_CONVERSION = YES_AGGRESSIVE;
				CLANG_CXX_LANGUAGE_STANDARD = "gnu++14";
				CLANG_CXX_LIBRARY = "libc++";
				CLANG_ENABLE_MODULES = YES;
				CLANG_ENABLE_OBJC_ARC = YES;
				CLANG_ENABLE_OBJC_WEAK = YES;
				CLANG_WARN_BLOCK_CAPTURE_AUTORELEASING = YES;
				CLANG_WARN_BOOL_CONVERSION = YES;
				CLANG_WARN_COMMA = YES;
				CLANG_WARN_CONSTANT_CONVERSION = YES;
				CLANG_WARN_DEPRECATED_OBJC_IMPLEMENTATIONS = YES;
				CLANG_WARN_DIRECT_OBJC_ISA_USAGE = YES_ERROR;
				CLANG_WARN_DOCUMENTATION_COMMENTS = YES;
				CLANG_WARN_EMPTY_BODY = YES;
				CLANG_WARN_ENUM_CONVERSION = YES;
				CLANG_WARN_INFINITE_RECURSION = YES;
				CLANG_WARN_INT_CONVERSION = YES;
				CLANG_WARN_NON_LITERAL_NULL_CONVERSION = YES;
				CLANG_WARN_OBJC_IMPLICIT_RETAIN_SELF = YES;
				CLANG_WARN_OBJC_LITERAL_CONVERSION = YES;
				CLANG_WARN_OBJC_ROOT_CLASS = YES_ERROR;
				CLANG_WARN_RANGE_LOOP_ANALYSIS = YES;
				CLANG_WARN_STRICT_PROTOTYPES = YES;
				CLANG_WARN_SUSPICIOUS_MOVE = YES;
				CLANG_WARN_UNGUARDED_AVAILABILITY = YES_AGGRESSIVE;
				CLANG_WARN_UNREACHABLE_CODE = YES;
				CLANG_WARN__DUPLICATE_METHOD_MATCH = YES;
				COPY_PHASE_STRIP = NO;
				DEBUG_INFORMATION_FORMAT = dwarf;
				ENABLE_STRICT_OBJC_MSGSEND = YES;
				ENABLE_TESTABILITY = YES;
				GCC_C_LANGUAGE_STANDARD = gnu11;
				GCC_DYNAMIC_NO_PIC = NO;
				GCC_NO_COMMON_BLOCKS = YES;
				GCC_OPTIMIZATION_LEVEL = 0;
				GCC_PREPROCESSOR_DEFINITIONS = (
					"DEBUG=1",
					"$(inherited)",
				);
				GCC_WARN_64_TO_32_BIT_CONVERSION = YES;
				GCC_WARN_ABOUT_RETURN_TYPE = YES_ERROR;
				GCC_WARN_UNDECLARED_SELECTOR = YES;
				GCC_WARN_UNINITIALIZED_AUTOS = YES_AGGRESSIVE;
				GCC_WARN_UNUSED_FUNCTION = YES;
				GCC_WARN_UNUSED_VARIABLE = YES;
				IPHONEOS_DEPLOYMENT_TARGET = 13.2;
				MTL_ENABLE_DEBUG_INFO = INCLUDE_SOURCE;
				MTL_FAST_MATH = YES;
				ONLY_ACTIVE_ARCH = YES;
				SDKROOT = iphoneos;
				SWIFT_ACTIVE_COMPILATION_CONDITIONS = DEBUG;
				SWIFT_OPTIMIZATION_LEVEL = "-Onone";
			};
			name = Debug;
		};
		6A32AC75241D98E1009BF0C8 /* Release */ = {
			isa = XCBuildConfiguration;
			buildSettings = {
				ALWAYS_SEARCH_USER_PATHS = NO;
				CLANG_ANALYZER_LOCALIZABILITY_NONLOCALIZED = YES;
				CLANG_ANALYZER_NONNULL = YES;
				CLANG_ANALYZER_NUMBER_OBJECT_CONVERSION = YES_AGGRESSIVE;
				CLANG_CXX_LANGUAGE_STANDARD = "gnu++14";
				CLANG_CXX_LIBRARY = "libc++";
				CLANG_ENABLE_MODULES = YES;
				CLANG_ENABLE_OBJC_ARC = YES;
				CLANG_ENABLE_OBJC_WEAK = YES;
				CLANG_WARN_BLOCK_CAPTURE_AUTORELEASING = YES;
				CLANG_WARN_BOOL_CONVERSION = YES;
				CLANG_WARN_COMMA = YES;
				CLANG_WARN_CONSTANT_CONVERSION = YES;
				CLANG_WARN_DEPRECATED_OBJC_IMPLEMENTATIONS = YES;
				CLANG_WARN_DIRECT_OBJC_ISA_USAGE = YES_ERROR;
				CLANG_WARN_DOCUMENTATION_COMMENTS = YES;
				CLANG_WARN_EMPTY_BODY = YES;
				CLANG_WARN_ENUM_CONVERSION = YES;
				CLANG_WARN_INFINITE_RECURSION = YES;
				CLANG_WARN_INT_CONVERSION = YES;
				CLANG_WARN_NON_LITERAL_NULL_CONVERSION = YES;
				CLANG_WARN_OBJC_IMPLICIT_RETAIN_SELF = YES;
				CLANG_WARN_OBJC_LITERAL_CONVERSION = YES;
				CLANG_WARN_OBJC_ROOT_CLASS = YES_ERROR;
				CLANG_WARN_RANGE_LOOP_ANALYSIS = YES;
				CLANG_WARN_STRICT_PROTOTYPES = YES;
				CLANG_WARN_SUSPICIOUS_MOVE = YES;
				CLANG_WARN_UNGUARDED_AVAILABILITY = YES_AGGRESSIVE;
				CLANG_WARN_UNREACHABLE_CODE = YES;
				CLANG_WARN__DUPLICATE_METHOD_MATCH = YES;
				COPY_PHASE_STRIP = NO;
				DEBUG_INFORMATION_FORMAT = "dwarf-with-dsym";
				ENABLE_NS_ASSERTIONS = NO;
				ENABLE_STRICT_OBJC_MSGSEND = YES;
				GCC_C_LANGUAGE_STANDARD = gnu11;
				GCC_NO_COMMON_BLOCKS = YES;
				GCC_WARN_64_TO_32_BIT_CONVERSION = YES;
				GCC_WARN_ABOUT_RETURN_TYPE = YES_ERROR;
				GCC_WARN_UNDECLARED_SELECTOR = YES;
				GCC_WARN_UNINITIALIZED_AUTOS = YES_AGGRESSIVE;
				GCC_WARN_UNUSED_FUNCTION = YES;
				GCC_WARN_UNUSED_VARIABLE = YES;
				IPHONEOS_DEPLOYMENT_TARGET = 13.2;
				MTL_ENABLE_DEBUG_INFO = NO;
				MTL_FAST_MATH = YES;
				SDKROOT = iphoneos;
				SWIFT_COMPILATION_MODE = wholemodule;
				SWIFT_OPTIMIZATION_LEVEL = "-O";
				VALIDATE_PRODUCT = YES;
			};
			name = Release;
		};
		6A32AC77241D98E1009BF0C8 /* Debug */ = {
			isa = XCBuildConfiguration;
			baseConfigurationReference = 335A8B4753CEC61B9CD8DCBF /* Pods-carTrip-ios.debug.xcconfig */;
			buildSettings = {
				ASSETCATALOG_COMPILER_APPICON_NAME = AppIcon;
				CODE_SIGN_STYLE = Manual;
				DEVELOPMENT_TEAM = "";
				INFOPLIST_FILE = "carTrip-ios/Info.plist";
				LD_RUNPATH_SEARCH_PATHS = (
					"$(inherited)",
					"@executable_path/Frameworks",
				);
				PRODUCT_BUNDLE_IDENTIFIER = "pbengoechea.carTrip-ios";
				PRODUCT_NAME = "$(TARGET_NAME)";
				PROVISIONING_PROFILE_SPECIFIER = "";
				SWIFT_VERSION = 5.0;
				TARGETED_DEVICE_FAMILY = 1;
			};
			name = Debug;
		};
		6A32AC78241D98E1009BF0C8 /* Release */ = {
			isa = XCBuildConfiguration;
			baseConfigurationReference = 6184394103629F66DBCB9C37 /* Pods-carTrip-ios.release.xcconfig */;
			buildSettings = {
				ASSETCATALOG_COMPILER_APPICON_NAME = AppIcon;
				CODE_SIGN_STYLE = Manual;
				DEVELOPMENT_TEAM = "";
				INFOPLIST_FILE = "carTrip-ios/Info.plist";
				LD_RUNPATH_SEARCH_PATHS = (
					"$(inherited)",
					"@executable_path/Frameworks",
				);
				PRODUCT_BUNDLE_IDENTIFIER = "pbengoechea.carTrip-ios";
				PRODUCT_NAME = "$(TARGET_NAME)";
				PROVISIONING_PROFILE_SPECIFIER = "";
				SWIFT_VERSION = 5.0;
				TARGETED_DEVICE_FAMILY = 1;
			};
			name = Release;
		};
/* End XCBuildConfiguration section */

/* Begin XCConfigurationList section */
		6A32AC5D241D98DE009BF0C8 /* Build configuration list for PBXProject "carTrip-ios" */ = {
			isa = XCConfigurationList;
			buildConfigurations = (
				6A32AC74241D98E1009BF0C8 /* Debug */,
				6A32AC75241D98E1009BF0C8 /* Release */,
			);
			defaultConfigurationIsVisible = 0;
			defaultConfigurationName = Release;
		};
		6A32AC76241D98E1009BF0C8 /* Build configuration list for PBXNativeTarget "carTrip-ios" */ = {
			isa = XCConfigurationList;
			buildConfigurations = (
				6A32AC77241D98E1009BF0C8 /* Debug */,
				6A32AC78241D98E1009BF0C8 /* Release */,
			);
			defaultConfigurationIsVisible = 0;
			defaultConfigurationName = Release;
		};
/* End XCConfigurationList section */
	};
	rootObject = 6A32AC5A241D98DE009BF0C8 /* Project object */;
}
